// !$*UTF8*$!
{
	archiveVersion = 1;
	classes = {
	};
	objectVersion = 50;
	objects = {

/* Begin PBXBuildFile section */
		4640BB29240B79F30056EE3C /* AppDelegate.swift in Sources */ = {isa = PBXBuildFile; fileRef = 4640BB28240B79F30056EE3C /* AppDelegate.swift */; };
		4640BB2B240B79F30056EE3C /* SceneDelegate.swift in Sources */ = {isa = PBXBuildFile; fileRef = 4640BB2A240B79F30056EE3C /* SceneDelegate.swift */; };
		4640BB2D240B79F30056EE3C /* LandmarkDetail.swift in Sources */ = {isa = PBXBuildFile; fileRef = 4640BB2C240B79F30056EE3C /* LandmarkDetail.swift */; };
		4640BB2F240B79F90056EE3C /* Assets.xcassets in Resources */ = {isa = PBXBuildFile; fileRef = 4640BB2E240B79F90056EE3C /* Assets.xcassets */; };
		4640BB32240B79F90056EE3C /* Preview Assets.xcassets in Resources */ = {isa = PBXBuildFile; fileRef = 4640BB31240B79F90056EE3C /* Preview Assets.xcassets */; };
		4640BB35240B79F90056EE3C /* LaunchScreen.storyboard in Resources */ = {isa = PBXBuildFile; fileRef = 4640BB33240B79F90056EE3C /* LaunchScreen.storyboard */; };
		4640BB3D240B80050056EE3C /* turtlerock.jpg in Resources */ = {isa = PBXBuildFile; fileRef = 4640BB3C240B80040056EE3C /* turtlerock.jpg */; };
		4640BB3F240B80230056EE3C /* CircleImage.swift in Sources */ = {isa = PBXBuildFile; fileRef = 4640BB3E240B80230056EE3C /* CircleImage.swift */; };
		4640BB41240B80AB0056EE3C /* MapView.swift in Sources */ = {isa = PBXBuildFile; fileRef = 4640BB40240B80AB0056EE3C /* MapView.swift */; };
		4640BB5E240B831C0056EE3C /* Landmark.swift in Sources */ = {isa = PBXBuildFile; fileRef = 4640BB5D240B831C0056EE3C /* Landmark.swift */; };
		4640BB61240B84240056EE3C /* Data.swift in Sources */ = {isa = PBXBuildFile; fileRef = 4640BB60240B84240056EE3C /* Data.swift */; };
		4640BB63240B84B10056EE3C /* LandmarkRow.swift in Sources */ = {isa = PBXBuildFile; fileRef = 4640BB62240B84B10056EE3C /* LandmarkRow.swift */; };
		4640BB65240B85690056EE3C /* LandmarkList.swift in Sources */ = {isa = PBXBuildFile; fileRef = 4640BB64240B85690056EE3C /* LandmarkList.swift */; };
		4640BB69240B89A00056EE3C /* landmarkData.json in Resources */ = {isa = PBXBuildFile; fileRef = 4640BB68240B89A00056EE3C /* landmarkData.json */; };
		4640BB6B240B8C0D0056EE3C /* UserData.swift in Sources */ = {isa = PBXBuildFile; fileRef = 4640BB6A240B8C0D0056EE3C /* UserData.swift */; };
/* End PBXBuildFile section */

/* Begin PBXFileReference section */
		4640BB25240B79F30056EE3C /* Landmarks.app */ = {isa = PBXFileReference; explicitFileType = wrapper.application; includeInIndex = 0; path = Landmarks.app; sourceTree = BUILT_PRODUCTS_DIR; };
		4640BB28240B79F30056EE3C /* AppDelegate.swift */ = {isa = PBXFileReference; lastKnownFileType = sourcecode.swift; path = AppDelegate.swift; sourceTree = "<group>"; };
		4640BB2A240B79F30056EE3C /* SceneDelegate.swift */ = {isa = PBXFileReference; lastKnownFileType = sourcecode.swift; path = SceneDelegate.swift; sourceTree = "<group>"; };
		4640BB2C240B79F30056EE3C /* LandmarkDetail.swift */ = {isa = PBXFileReference; lastKnownFileType = sourcecode.swift; path = LandmarkDetail.swift; sourceTree = "<group>"; };
		4640BB2E240B79F90056EE3C /* Assets.xcassets */ = {isa = PBXFileReference; lastKnownFileType = folder.assetcatalog; path = Assets.xcassets; sourceTree = "<group>"; };
		4640BB31240B79F90056EE3C /* Preview Assets.xcassets */ = {isa = PBXFileReference; lastKnownFileType = folder.assetcatalog; path = "Preview Assets.xcassets"; sourceTree = "<group>"; };
		4640BB34240B79F90056EE3C /* Base */ = {isa = PBXFileReference; lastKnownFileType = file.storyboard; name = Base; path = Base.lproj/LaunchScreen.storyboard; sourceTree = "<group>"; };
		4640BB36240B79F90056EE3C /* Info.plist */ = {isa = PBXFileReference; lastKnownFileType = text.plist.xml; path = Info.plist; sourceTree = "<group>"; };
		4640BB3C240B80040056EE3C /* turtlerock.jpg */ = {isa = PBXFileReference; lastKnownFileType = image.jpeg; name = turtlerock.jpg; path = ../../../../../Downloads/CreatingAndCombiningViews/Resources/turtlerock.jpg; sourceTree = "<group>"; };
		4640BB3E240B80230056EE3C /* CircleImage.swift */ = {isa = PBXFileReference; lastKnownFileType = sourcecode.swift; path = CircleImage.swift; sourceTree = "<group>"; };
		4640BB40240B80AB0056EE3C /* MapView.swift */ = {isa = PBXFileReference; lastKnownFileType = sourcecode.swift; path = MapView.swift; sourceTree = "<group>"; };
		4640BB5D240B831C0056EE3C /* Landmark.swift */ = {isa = PBXFileReference; lastKnownFileType = sourcecode.swift; path = Landmark.swift; sourceTree = "<group>"; };
		4640BB60240B84240056EE3C /* Data.swift */ = {isa = PBXFileReference; fileEncoding = 4; lastKnownFileType = sourcecode.swift; path = Data.swift; sourceTree = "<group>"; };
		4640BB62240B84B10056EE3C /* LandmarkRow.swift */ = {isa = PBXFileReference; lastKnownFileType = sourcecode.swift; path = LandmarkRow.swift; sourceTree = "<group>"; };
		4640BB64240B85690056EE3C /* LandmarkList.swift */ = {isa = PBXFileReference; lastKnownFileType = sourcecode.swift; path = LandmarkList.swift; sourceTree = "<group>"; };
		4640BB68240B89A00056EE3C /* landmarkData.json */ = {isa = PBXFileReference; fileEncoding = 4; lastKnownFileType = text.json; name = landmarkData.json; path = ../../../../../../Downloads/HandlingUserInput/StartingPoint/Landmarks/Landmarks/Resources/landmarkData.json; sourceTree = "<group>"; };
		4640BB6A240B8C0D0056EE3C /* UserData.swift */ = {isa = PBXFileReference; lastKnownFileType = sourcecode.swift; path = UserData.swift; sourceTree = "<group>"; };
/* End PBXFileReference section */

/* Begin PBXFrameworksBuildPhase section */
		4640BB22240B79F30056EE3C /* Frameworks */ = {
			isa = PBXFrameworksBuildPhase;
			buildActionMask = 2147483647;
			files = (
			);
			runOnlyForDeploymentPostprocessing = 0;
		};
/* End PBXFrameworksBuildPhase section */

/* Begin PBXGroup section */
		4640BB1C240B79F30056EE3C = {
			isa = PBXGroup;
			children = (
				4640BB27240B79F30056EE3C /* Landmarks */,
				4640BB26240B79F30056EE3C /* Products */,
			);
			sourceTree = "<group>";
		};
		4640BB26240B79F30056EE3C /* Products */ = {
			isa = PBXGroup;
			children = (
				4640BB25240B79F30056EE3C /* Landmarks.app */,
			);
			name = Products;
			sourceTree = "<group>";
		};
		4640BB27240B79F30056EE3C /* Landmarks */ = {
			isa = PBXGroup;
			children = (
				4640BB5F240B83D10056EE3C /* Resources */,
				4640BB5C240B83080056EE3C /* Model */,
				4640BB28240B79F30056EE3C /* AppDelegate.swift */,
				4640BB2A240B79F30056EE3C /* SceneDelegate.swift */,
				4640BB2C240B79F30056EE3C /* LandmarkDetail.swift */,
				4640BB62240B84B10056EE3C /* LandmarkRow.swift */,
				4640BB64240B85690056EE3C /* LandmarkList.swift */,
				4640BB3E240B80230056EE3C /* CircleImage.swift */,
				4640BB40240B80AB0056EE3C /* MapView.swift */,
				4640BB2E240B79F90056EE3C /* Assets.xcassets */,
				4640BB3C240B80040056EE3C /* turtlerock.jpg */,
				4640BB33240B79F90056EE3C /* LaunchScreen.storyboard */,
				4640BB36240B79F90056EE3C /* Info.plist */,
				4640BB30240B79F90056EE3C /* Preview Content */,
			);
			path = Landmarks;
			sourceTree = "<group>";
		};
		4640BB30240B79F90056EE3C /* Preview Content */ = {
			isa = PBXGroup;
			children = (
				4640BB31240B79F90056EE3C /* Preview Assets.xcassets */,
			);
			path = "Preview Content";
			sourceTree = "<group>";
		};
		4640BB5C240B83080056EE3C /* Model */ = {
			isa = PBXGroup;
			children = (
				4640BB60240B84240056EE3C /* Data.swift */,
				4640BB5D240B831C0056EE3C /* Landmark.swift */,
				4640BB6A240B8C0D0056EE3C /* UserData.swift */,
			);
			path = Model;
			sourceTree = "<group>";
		};
		4640BB5F240B83D10056EE3C /* Resources */ = {
			isa = PBXGroup;
			children = (
				4640BB68240B89A00056EE3C /* landmarkData.json */,
			);
			path = Resources;
			sourceTree = "<group>";
		};
/* End PBXGroup section */

/* Begin PBXNativeTarget section */
		4640BB24240B79F30056EE3C /* Landmarks */ = {
			isa = PBXNativeTarget;
			buildConfigurationList = 4640BB39240B79F90056EE3C /* Build configuration list for PBXNativeTarget "Landmarks" */;
			buildPhases = (
				4640BB21240B79F30056EE3C /* Sources */,
				4640BB22240B79F30056EE3C /* Frameworks */,
				4640BB23240B79F30056EE3C /* Resources */,
			);
			buildRules = (
			);
			dependencies = (
			);
			name = Landmarks;
			productName = Landmarks;
			productReference = 4640BB25240B79F30056EE3C /* Landmarks.app */;
			productType = "com.apple.product-type.application";
		};
/* End PBXNativeTarget section */

/* Begin PBXProject section */
		4640BB1D240B79F30056EE3C /* Project object */ = {
			isa = PBXProject;
			attributes = {
				LastSwiftUpdateCheck = 1130;
				LastUpgradeCheck = 1130;
				ORGANIZATIONNAME = jamie;
				TargetAttributes = {
					4640BB24240B79F30056EE3C = {
						CreatedOnToolsVersion = 11.3.1;
					};
				};
			};
			buildConfigurationList = 4640BB20240B79F30056EE3C /* Build configuration list for PBXProject "Landmarks" */;
			compatibilityVersion = "Xcode 9.3";
			developmentRegion = en;
			hasScannedForEncodings = 0;
			knownRegions = (
				en,
				Base,
			);
			mainGroup = 4640BB1C240B79F30056EE3C;
			productRefGroup = 4640BB26240B79F30056EE3C /* Products */;
			projectDirPath = "";
			projectRoot = "";
			targets = (
				4640BB24240B79F30056EE3C /* Landmarks */,
			);
		};
/* End PBXProject section */

/* Begin PBXResourcesBuildPhase section */
		4640BB23240B79F30056EE3C /* Resources */ = {
			isa = PBXResourcesBuildPhase;
			buildActionMask = 2147483647;
			files = (
				4640BB3D240B80050056EE3C /* turtlerock.jpg in Resources */,
				4640BB35240B79F90056EE3C /* LaunchScreen.storyboard in Resources */,
				4640BB32240B79F90056EE3C /* Preview Assets.xcassets in Resources */,
				4640BB2F240B79F90056EE3C /* Assets.xcassets in Resources */,
				4640BB69240B89A00056EE3C /* landmarkData.json in Resources */,
			);
			runOnlyForDeploymentPostprocessing = 0;
		};
/* End PBXResourcesBuildPhase section */

/* Begin PBXSourcesBuildPhase section */
		4640BB21240B79F30056EE3C /* Sources */ = {
			isa = PBXSourcesBuildPhase;
			buildActionMask = 2147483647;
			files = (
				4640BB61240B84240056EE3C /* Data.swift in Sources */,
				4640BB29240B79F30056EE3C /* AppDelegate.swift in Sources */,
				4640BB3F240B80230056EE3C /* CircleImage.swift in Sources */,
				4640BB41240B80AB0056EE3C /* MapView.swift in Sources */,
				4640BB65240B85690056EE3C /* LandmarkList.swift in Sources */,
				4640BB2B240B79F30056EE3C /* SceneDelegate.swift in Sources */,
				4640BB2D240B79F30056EE3C /* LandmarkDetail.swift in Sources */,
				4640BB63240B84B10056EE3C /* LandmarkRow.swift in Sources */,
				4640BB6B240B8C0D0056EE3C /* UserData.swift in Sources */,
				4640BB5E240B831C0056EE3C /* Landmark.swift in Sources */,
			);
			runOnlyForDeploymentPostprocessing = 0;
		};
/* End PBXSourcesBuildPhase section */

/* Begin PBXVariantGroup section */
		4640BB33240B79F90056EE3C /* LaunchScreen.storyboard */ = {
			isa = PBXVariantGroup;
			children = (
				4640BB34240B79F90056EE3C /* Base */,
			);
			name = LaunchScreen.storyboard;
			sourceTree = "<group>";
		};
/* End PBXVariantGroup section */

/* Begin XCBuildConfiguration section */
		4640BB37240B79F90056EE3C /* Debug */ = {
			isa = XCBuildConfiguration;
			buildSettings = {
				ALWAYS_SEARCH_USER_PATHS = NO;
				CLANG_ANALYZER_NONNULL = YES;
				CLANG_ANALYZER_NUMBER_OBJECT_CONVERSION = YES_AGGRESSIVE;
				CLANG_CXX_LANGUAGE_STANDARD = "gnu++14";
				CLANG_CXX_LIBRARY = "libc++";
				CLANG_ENABLE_MODULES = YES;
				CLANG_ENABLE_OBJC_ARC = YES;
				CLANG_ENABLE_OBJC_WEAK = YES;
				CLANG_WARN_BLOCK_CAPTURE_AUTORELEASING = YES;
				CLANG_WARN_BOOL_CONVERSION = YES;
				CLANG_WARN_COMMA = YES;
				CLANG_WARN_CONSTANT_CONVERSION = YES;
				CLANG_WARN_DEPRECATED_OBJC_IMPLEMENTATIONS = YES;
				CLANG_WARN_DIRECT_OBJC_ISA_USAGE = YES_ERROR;
				CLANG_WARN_DOCUMENTATION_COMMENTS = YES;
				CLANG_WARN_EMPTY_BODY = YES;
				CLANG_WARN_ENUM_CONVERSION = YES;
				CLANG_WARN_INFINITE_RECURSION = YES;
				CLANG_WARN_INT_CONVERSION = YES;
				CLANG_WARN_NON_LITERAL_NULL_CONVERSION = YES;
				CLANG_WARN_OBJC_IMPLICIT_RETAIN_SELF = YES;
				CLANG_WARN_OBJC_LITERAL_CONVERSION = YES;
				CLANG_WARN_OBJC_ROOT_CLASS = YES_ERROR;
				CLANG_WARN_RANGE_LOOP_ANALYSIS = YES;
				CLANG_WARN_STRICT_PROTOTYPES = YES;
				CLANG_WARN_SUSPICIOUS_MOVE = YES;
				CLANG_WARN_UNGUARDED_AVAILABILITY = YES_AGGRESSIVE;
				CLANG_WARN_UNREACHABLE_CODE = YES;
				CLANG_WARN__DUPLICATE_METHOD_MATCH = YES;
				COPY_PHASE_STRIP = NO;
				DEBUG_INFORMATION_FORMAT = dwarf;
				ENABLE_STRICT_OBJC_MSGSEND = YES;
				ENABLE_TESTABILITY = YES;
				GCC_C_LANGUAGE_STANDARD = gnu11;
				GCC_DYNAMIC_NO_PIC = NO;
				GCC_NO_COMMON_BLOCKS = YES;
				GCC_OPTIMIZATION_LEVEL = 0;
				GCC_PREPROCESSOR_DEFINITIONS = (
					"DEBUG=1",
					"$(inherited)",
				);
				GCC_WARN_64_TO_32_BIT_CONVERSION = YES;
				GCC_WARN_ABOUT_RETURN_TYPE = YES_ERROR;
				GCC_WARN_UNDECLARED_SELECTOR = YES;
				GCC_WARN_UNINITIALIZED_AUTOS = YES_AGGRESSIVE;
				GCC_WARN_UNUSED_FUNCTION = YES;
				GCC_WARN_UNUSED_VARIABLE = YES;
				IPHONEOS_DEPLOYMENT_TARGET = 13.2;
				MTL_ENABLE_DEBUG_INFO = INCLUDE_SOURCE;
				MTL_FAST_MATH = YES;
				ONLY_ACTIVE_ARCH = YES;
				SDKROOT = iphoneos;
				SWIFT_ACTIVE_COMPILATION_CONDITIONS = DEBUG;
				SWIFT_OPTIMIZATION_LEVEL = "-Onone";
			};
			name = Debug;
		};
		4640BB38240B79F90056EE3C /* Release */ = {
			isa = XCBuildConfiguration;
			buildSettings = {
				ALWAYS_SEARCH_USER_PATHS = NO;
				CLANG_ANALYZER_NONNULL = YES;
				CLANG_ANALYZER_NUMBER_OBJECT_CONVERSION = YES_AGGRESSIVE;
				CLANG_CXX_LANGUAGE_STANDARD = "gnu++14";
				CLANG_CXX_LIBRARY = "libc++";
				CLANG_ENABLE_MODULES = YES;
				CLANG_ENABLE_OBJC_ARC = YES;
				CLANG_ENABLE_OBJC_WEAK = YES;
				CLANG_WARN_BLOCK_CAPTURE_AUTORELEASING = YES;
				CLANG_WARN_BOOL_CONVERSION = YES;
				CLANG_WARN_COMMA = YES;
				CLANG_WARN_CONSTANT_CONVERSION = YES;
				CLANG_WARN_DEPRECATED_OBJC_IMPLEMENTATIONS = YES;
				CLANG_WARN_DIRECT_OBJC_ISA_USAGE = YES_ERROR;
				CLANG_WARN_DOCUMENTATION_COMMENTS = YES;
				CLANG_WARN_EMPTY_BODY = YES;
				CLANG_WARN_ENUM_CONVERSION = YES;
				CLANG_WARN_INFINITE_RECURSION = YES;
				CLANG_WARN_INT_CONVERSION = YES;
				CLANG_WARN_NON_LITERAL_NULL_CONVERSION = YES;
				CLANG_WARN_OBJC_IMPLICIT_RETAIN_SELF = YES;
				CLANG_WARN_OBJC_LITERAL_CONVERSION = YES;
				CLANG_WARN_OBJC_ROOT_CLASS = YES_ERROR;
				CLANG_WARN_RANGE_LOOP_ANALYSIS = YES;
				CLANG_WARN_STRICT_PROTOTYPES = YES;
				CLANG_WARN_SUSPICIOUS_MOVE = YES;
				CLANG_WARN_UNGUARDED_AVAILABILITY = YES_AGGRESSIVE;
				CLANG_WARN_UNREACHABLE_CODE = YES;
				CLANG_WARN__DUPLICATE_METHOD_MATCH = YES;
				COPY_PHASE_STRIP = NO;
				DEBUG_INFORMATION_FORMAT = "dwarf-with-dsym";
				ENABLE_NS_ASSERTIONS = NO;
				ENABLE_STRICT_OBJC_MSGSEND = YES;
				GCC_C_LANGUAGE_STANDARD = gnu11;
				GCC_NO_COMMON_BLOCKS = YES;
				GCC_WARN_64_TO_32_BIT_CONVERSION = YES;
				GCC_WARN_ABOUT_RETURN_TYPE = YES_ERROR;
				GCC_WARN_UNDECLARED_SELECTOR = YES;
				GCC_WARN_UNINITIALIZED_AUTOS = YES_AGGRESSIVE;
				GCC_WARN_UNUSED_FUNCTION = YES;
				GCC_WARN_UNUSED_VARIABLE = YES;
				IPHONEOS_DEPLOYMENT_TARGET = 13.2;
				MTL_ENABLE_DEBUG_INFO = NO;
				MTL_FAST_MATH = YES;
				SDKROOT = iphoneos;
				SWIFT_COMPILATION_MODE = wholemodule;
				SWIFT_OPTIMIZATION_LEVEL = "-O";
				VALIDATE_PRODUCT = YES;
			};
			name = Release;
		};
		4640BB3A240B79F90056EE3C /* Debug */ = {
			isa = XCBuildConfiguration;
			buildSettings = {
				ASSETCATALOG_COMPILER_APPICON_NAME = AppIcon;
				CODE_SIGN_STYLE = Automatic;
				DEVELOPMENT_ASSET_PATHS = "\"Landmarks/Preview Content\"";
				DEVELOPMENT_TEAM = H899557VXN;
				ENABLE_PREVIEWS = YES;
				INFOPLIST_FILE = Landmarks/Info.plist;
				LD_RUNPATH_SEARCH_PATHS = (
					"$(inherited)",
					"@executable_path/Frameworks",
				);
				PRODUCT_BUNDLE_IDENTIFIER = com.dev.Landmarks;
				PRODUCT_NAME = "$(TARGET_NAME)";
				SWIFT_VERSION = 5.0;
				TARGETED_DEVICE_FAMILY = "1,2";
			};
			name = Debug;
		};
		4640BB3B240B79F90056EE3C /* Release */ = {
			isa = XCBuildConfiguration;
			buildSettings = {
				ASSETCATALOG_COMPILER_APPICON_NAME = AppIcon;
				CODE_SIGN_STYLE = Automatic;
				DEVELOPMENT_ASSET_PATHS = "\"Landmarks/Preview Content\"";
				DEVELOPMENT_TEAM = H899557VXN;
				ENABLE_PREVIEWS = YES;
				INFOPLIST_FILE = Landmarks/Info.plist;
				LD_RUNPATH_SEARCH_PATHS = (
					"$(inherited)",
					"@executable_path/Frameworks",
				);
				PRODUCT_BUNDLE_IDENTIFIER = com.dev.Landmarks;
				PRODUCT_NAME = "$(TARGET_NAME)";
				SWIFT_VERSION = 5.0;
				TARGETED_DEVICE_FAMILY = "1,2";
			};
			name = Release;
		};
/* End XCBuildConfiguration section */

/* Begin XCConfigurationList section */
		4640BB20240B79F30056EE3C /* Build configuration list for PBXProject "Landmarks" */ = {
			isa = XCConfigurationList;
			buildConfigurations = (
				4640BB37240B79F90056EE3C /* Debug */,
				4640BB38240B79F90056EE3C /* Release */,
			);
			defaultConfigurationIsVisible = 0;
			defaultConfigurationName = Release;
		};
		4640BB39240B79F90056EE3C /* Build configuration list for PBXNativeTarget "Landmarks" */ = {
			isa = XCConfigurationList;
			buildConfigurations = (
				4640BB3A240B79F90056EE3C /* Debug */,
				4640BB3B240B79F90056EE3C /* Release */,
			);
			defaultConfigurationIsVisible = 0;
			defaultConfigurationName = Release;
		};
/* End XCConfigurationList section */
	};
	rootObject = 4640BB1D240B79F30056EE3C /* Project object */;
}
