// !$*UTF8*$!
{
	archiveVersion = 1;
	classes = {
	};
	objectVersion = 51;
	objects = {

/* Begin PBXBuildFile section */
		466BD0B024FC981500318046 /* GoogleService-Info.plist in Resources */ = {isa = PBXBuildFile; fileRef = 466BD0AF24FC981500318046 /* GoogleService-Info.plist */; };
		46E36527244061F800A570C5 /* AppDelegate.swift in Sources */ = {isa = PBXBuildFile; fileRef = 46E36526244061F800A570C5 /* AppDelegate.swift */; };
		46E3652B244061F800A570C5 /* ViewController.swift in Sources */ = {isa = PBXBuildFile; fileRef = 46E3652A244061F800A570C5 /* ViewController.swift */; };
		46E3652E244061F800A570C5 /* Main.storyboard in Resources */ = {isa = PBXBuildFile; fileRef = 46E3652C244061F800A570C5 /* Main.storyboard */; };
		46E36530244061FE00A570C5 /* Assets.xcassets in Resources */ = {isa = PBXBuildFile; fileRef = 46E3652F244061FE00A570C5 /* Assets.xcassets */; };
		46E36533244061FE00A570C5 /* LaunchScreen.storyboard in Resources */ = {isa = PBXBuildFile; fileRef = 46E36531244061FE00A570C5 /* LaunchScreen.storyboard */; };
		DAFBB3BD6A19A155FBC2E017 /* Pods_UniversalLinks2.framework in Frameworks */ = {isa = PBXBuildFile; fileRef = 8CC1E96DD05948F45DF13D6A /* Pods_UniversalLinks2.framework */; };
/* End PBXBuildFile section */

/* Begin PBXFileReference section */
		466BD0AF24FC981500318046 /* GoogleService-Info.plist */ = {isa = PBXFileReference; fileEncoding = 4; lastKnownFileType = text.plist.xml; path = "GoogleService-Info.plist"; sourceTree = "<group>"; };
		46E36523244061F800A570C5 /* UniversalLinks2.app */ = {isa = PBXFileReference; explicitFileType = wrapper.application; includeInIndex = 0; path = UniversalLinks2.app; sourceTree = BUILT_PRODUCTS_DIR; };
		46E36526244061F800A570C5 /* AppDelegate.swift */ = {isa = PBXFileReference; lastKnownFileType = sourcecode.swift; path = AppDelegate.swift; sourceTree = "<group>"; };
		46E3652A244061F800A570C5 /* ViewController.swift */ = {isa = PBXFileReference; lastKnownFileType = sourcecode.swift; path = ViewController.swift; sourceTree = "<group>"; };
		46E3652D244061F800A570C5 /* Base */ = {isa = PBXFileReference; lastKnownFileType = file.storyboard; name = Base; path = Base.lproj/Main.storyboard; sourceTree = "<group>"; };
		46E3652F244061FE00A570C5 /* Assets.xcassets */ = {isa = PBXFileReference; lastKnownFileType = folder.assetcatalog; path = Assets.xcassets; sourceTree = "<group>"; };
		46E36532244061FE00A570C5 /* Base */ = {isa = PBXFileReference; lastKnownFileType = file.storyboard; name = Base; path = Base.lproj/LaunchScreen.storyboard; sourceTree = "<group>"; };
		46E36534244061FE00A570C5 /* Info.plist */ = {isa = PBXFileReference; lastKnownFileType = text.plist.xml; path = Info.plist; sourceTree = "<group>"; };
		46E3653A2440622600A570C5 /* UniversalLinks2.entitlements */ = {isa = PBXFileReference; lastKnownFileType = text.plist.entitlements; path = UniversalLinks2.entitlements; sourceTree = "<group>"; };
		8B11D002BB4DD92AE3D5C932 /* Pods-UniversalLinks2.debug.xcconfig */ = {isa = PBXFileReference; includeInIndex = 1; lastKnownFileType = text.xcconfig; name = "Pods-UniversalLinks2.debug.xcconfig"; path = "Target Support Files/Pods-UniversalLinks2/Pods-UniversalLinks2.debug.xcconfig"; sourceTree = "<group>"; };
		8CC1E96DD05948F45DF13D6A /* Pods_UniversalLinks2.framework */ = {isa = PBXFileReference; explicitFileType = wrapper.framework; includeInIndex = 0; path = Pods_UniversalLinks2.framework; sourceTree = BUILT_PRODUCTS_DIR; };
		B6405E367351229D30641DC8 /* Pods-UniversalLinks2.release.xcconfig */ = {isa = PBXFileReference; includeInIndex = 1; lastKnownFileType = text.xcconfig; name = "Pods-UniversalLinks2.release.xcconfig"; path = "Target Support Files/Pods-UniversalLinks2/Pods-UniversalLinks2.release.xcconfig"; sourceTree = "<group>"; };
/* End PBXFileReference section */

/* Begin PBXFrameworksBuildPhase section */
		46E36520244061F800A570C5 /* Frameworks */ = {
			isa = PBXFrameworksBuildPhase;
			buildActionMask = 2147483647;
			files = (
				DAFBB3BD6A19A155FBC2E017 /* Pods_UniversalLinks2.framework in Frameworks */,
			);
			runOnlyForDeploymentPostprocessing = 0;
		};
/* End PBXFrameworksBuildPhase section */

/* Begin PBXGroup section */
		284C920794A102DB34103A75 /* Pods */ = {
			isa = PBXGroup;
			children = (
				8B11D002BB4DD92AE3D5C932 /* Pods-UniversalLinks2.debug.xcconfig */,
				B6405E367351229D30641DC8 /* Pods-UniversalLinks2.release.xcconfig */,
			);
			path = Pods;
			sourceTree = "<group>";
		};
		46E3651A244061F800A570C5 = {
			isa = PBXGroup;
			children = (
				46E36525244061F800A570C5 /* UniversalLinks2 */,
				46E36524244061F800A570C5 /* Products */,
				84DD2113B84F34CAF4B6AD64 /* Frameworks */,
				284C920794A102DB34103A75 /* Pods */,
			);
			sourceTree = "<group>";
		};
		46E36524244061F800A570C5 /* Products */ = {
			isa = PBXGroup;
			children = (
				46E36523244061F800A570C5 /* UniversalLinks2.app */,
			);
			name = Products;
			sourceTree = "<group>";
		};
		46E36525244061F800A570C5 /* UniversalLinks2 */ = {
			isa = PBXGroup;
			children = (
				466BD0AF24FC981500318046 /* GoogleService-Info.plist */,
				46E3653A2440622600A570C5 /* UniversalLinks2.entitlements */,
				46E36526244061F800A570C5 /* AppDelegate.swift */,
				46E3652A244061F800A570C5 /* ViewController.swift */,
				46E3652C244061F800A570C5 /* Main.storyboard */,
				46E3652F244061FE00A570C5 /* Assets.xcassets */,
				46E36531244061FE00A570C5 /* LaunchScreen.storyboard */,
				46E36534244061FE00A570C5 /* Info.plist */,
			);
			path = UniversalLinks2;
			sourceTree = "<group>";
		};
		84DD2113B84F34CAF4B6AD64 /* Frameworks */ = {
			isa = PBXGroup;
			children = (
				8CC1E96DD05948F45DF13D6A /* Pods_UniversalLinks2.framework */,
			);
			name = Frameworks;
			sourceTree = "<group>";
		};
/* End PBXGroup section */

/* Begin PBXNativeTarget section */
		46E36522244061F800A570C5 /* UniversalLinks2 */ = {
			isa = PBXNativeTarget;
			buildConfigurationList = 46E36537244061FE00A570C5 /* Build configuration list for PBXNativeTarget "UniversalLinks2" */;
			buildPhases = (
				F30078E1093695A8983E4A08 /* [CP] Check Pods Manifest.lock */,
				46E3651F244061F800A570C5 /* Sources */,
				46E36520244061F800A570C5 /* Frameworks */,
				46E36521244061F800A570C5 /* Resources */,
				C68B33EB89D92A2A2BEE158A /* [CP] Embed Pods Frameworks */,
			);
			buildRules = (
			);
			dependencies = (
			);
			name = UniversalLinks2;
			productName = UniversalLinks2;
			productReference = 46E36523244061F800A570C5 /* UniversalLinks2.app */;
			productType = "com.apple.product-type.application";
		};
/* End PBXNativeTarget section */

/* Begin PBXProject section */
		46E3651B244061F800A570C5 /* Project object */ = {
			isa = PBXProject;
			attributes = {
				LastSwiftUpdateCheck = 1140;
				LastUpgradeCheck = 1140;
				ORGANIZATIONNAME = jamie;
				TargetAttributes = {
					46E36522244061F800A570C5 = {
						CreatedOnToolsVersion = 11.4;
					};
				};
			};
			buildConfigurationList = 46E3651E244061F800A570C5 /* Build configuration list for PBXProject "UniversalLinks2" */;
			compatibilityVersion = "Xcode 9.3";
			developmentRegion = en;
			hasScannedForEncodings = 0;
			knownRegions = (
				en,
				Base,
			);
			mainGroup = 46E3651A244061F800A570C5;
			productRefGroup = 46E36524244061F800A570C5 /* Products */;
			projectDirPath = "";
			projectRoot = "";
			targets = (
				46E36522244061F800A570C5 /* UniversalLinks2 */,
			);
		};
/* End PBXProject section */

/* Begin PBXResourcesBuildPhase section */
		46E36521244061F800A570C5 /* Resources */ = {
			isa = PBXResourcesBuildPhase;
			buildActionMask = 2147483647;
			files = (
				46E36533244061FE00A570C5 /* LaunchScreen.storyboard in Resources */,
				466BD0B024FC981500318046 /* GoogleService-Info.plist in Resources */,
				46E36530244061FE00A570C5 /* Assets.xcassets in Resources */,
				46E3652E244061F800A570C5 /* Main.storyboard in Resources */,
			);
			runOnlyForDeploymentPostprocessing = 0;
		};
/* End PBXResourcesBuildPhase section */

/* Begin PBXShellScriptBuildPhase section */
		C68B33EB89D92A2A2BEE158A /* [CP] Embed Pods Frameworks */ = {
			isa = PBXShellScriptBuildPhase;
			buildActionMask = 2147483647;
			files = (
			);
			inputFileListPaths = (
				"${PODS_ROOT}/Target Support Files/Pods-UniversalLinks2/Pods-UniversalLinks2-frameworks-${CONFIGURATION}-input-files.xcfilelist",
			);
			name = "[CP] Embed Pods Frameworks";
			outputFileListPaths = (
				"${PODS_ROOT}/Target Support Files/Pods-UniversalLinks2/Pods-UniversalLinks2-frameworks-${CONFIGURATION}-output-files.xcfilelist",
			);
			runOnlyForDeploymentPostprocessing = 0;
			shellPath = /bin/sh;
			shellScript = "\"${PODS_ROOT}/Target Support Files/Pods-UniversalLinks2/Pods-UniversalLinks2-frameworks.sh\"\n";
			showEnvVarsInLog = 0;
		};
		F30078E1093695A8983E4A08 /* [CP] Check Pods Manifest.lock */ = {
			isa = PBXShellScriptBuildPhase;
			buildActionMask = 2147483647;
			files = (
			);
			inputFileListPaths = (
			);
			inputPaths = (
				"${PODS_PODFILE_DIR_PATH}/Podfile.lock",
				"${PODS_ROOT}/Manifest.lock",
			);
			name = "[CP] Check Pods Manifest.lock";
			outputFileListPaths = (
			);
			outputPaths = (
				"$(DERIVED_FILE_DIR)/Pods-UniversalLinks2-checkManifestLockResult.txt",
			);
			runOnlyForDeploymentPostprocessing = 0;
			shellPath = /bin/sh;
			shellScript = "diff \"${PODS_PODFILE_DIR_PATH}/Podfile.lock\" \"${PODS_ROOT}/Manifest.lock\" > /dev/null\nif [ $? != 0 ] ; then\n    # print error to STDERR\n    echo \"error: The sandbox is not in sync with the Podfile.lock. Run 'pod install' or update your CocoaPods installation.\" >&2\n    exit 1\nfi\n# This output is used by Xcode 'outputs' to avoid re-running this script phase.\necho \"SUCCESS\" > \"${SCRIPT_OUTPUT_FILE_0}\"\n";
			showEnvVarsInLog = 0;
		};
/* End PBXShellScriptBuildPhase section */

/* Begin PBXSourcesBuildPhase section */
		46E3651F244061F800A570C5 /* Sources */ = {
			isa = PBXSourcesBuildPhase;
			buildActionMask = 2147483647;
			files = (
				46E3652B244061F800A570C5 /* ViewController.swift in Sources */,
				46E36527244061F800A570C5 /* AppDelegate.swift in Sources */,
			);
			runOnlyForDeploymentPostprocessing = 0;
		};
/* End PBXSourcesBuildPhase section */

/* Begin PBXVariantGroup section */
		46E3652C244061F800A570C5 /* Main.storyboard */ = {
			isa = PBXVariantGroup;
			children = (
				46E3652D244061F800A570C5 /* Base */,
			);
			name = Main.storyboard;
			sourceTree = "<group>";
		};
		46E36531244061FE00A570C5 /* LaunchScreen.storyboard */ = {
			isa = PBXVariantGroup;
			children = (
				46E36532244061FE00A570C5 /* Base */,
			);
			name = LaunchScreen.storyboard;
			sourceTree = "<group>";
		};
/* End PBXVariantGroup section */

/* Begin XCBuildConfiguration section */
		46E36535244061FE00A570C5 /* Debug */ = {
			isa = XCBuildConfiguration;
			buildSettings = {
				ALWAYS_SEARCH_USER_PATHS = NO;
				CLANG_ANALYZER_NONNULL = YES;
				CLANG_ANALYZER_NUMBER_OBJECT_CONVERSION = YES_AGGRESSIVE;
				CLANG_CXX_LANGUAGE_STANDARD = "gnu++14";
				CLANG_CXX_LIBRARY = "libc++";
				CLANG_ENABLE_MODULES = YES;
				CLANG_ENABLE_OBJC_ARC = YES;
				CLANG_ENABLE_OBJC_WEAK = YES;
				CLANG_WARN_BLOCK_CAPTURE_AUTORELEASING = YES;
				CLANG_WARN_BOOL_CONVERSION = YES;
				CLANG_WARN_COMMA = YES;
				CLANG_WARN_CONSTANT_CONVERSION = YES;
				CLANG_WARN_DEPRECATED_OBJC_IMPLEMENTATIONS = YES;
				CLANG_WARN_DIRECT_OBJC_ISA_USAGE = YES_ERROR;
				CLANG_WARN_DOCUMENTATION_COMMENTS = YES;
				CLANG_WARN_EMPTY_BODY = YES;
				CLANG_WARN_ENUM_CONVERSION = YES;
				CLANG_WARN_INFINITE_RECURSION = YES;
				CLANG_WARN_INT_CONVERSION = YES;
				CLANG_WARN_NON_LITERAL_NULL_CONVERSION = YES;
				CLANG_WARN_OBJC_IMPLICIT_RETAIN_SELF = YES;
				CLANG_WARN_OBJC_LITERAL_CONVERSION = YES;
				CLANG_WARN_OBJC_ROOT_CLASS = YES_ERROR;
				CLANG_WARN_RANGE_LOOP_ANALYSIS = YES;
				CLANG_WARN_STRICT_PROTOTYPES = YES;
				CLANG_WARN_SUSPICIOUS_MOVE = YES;
				CLANG_WARN_UNGUARDED_AVAILABILITY = YES_AGGRESSIVE;
				CLANG_WARN_UNREACHABLE_CODE = YES;
				CLANG_WARN__DUPLICATE_METHOD_MATCH = YES;
				COPY_PHASE_STRIP = NO;
				DEBUG_INFORMATION_FORMAT = dwarf;
				ENABLE_STRICT_OBJC_MSGSEND = YES;
				ENABLE_TESTABILITY = YES;
				GCC_C_LANGUAGE_STANDARD = gnu11;
				GCC_DYNAMIC_NO_PIC = NO;
				GCC_NO_COMMON_BLOCKS = YES;
				GCC_OPTIMIZATION_LEVEL = 0;
				GCC_PREPROCESSOR_DEFINITIONS = (
					"DEBUG=1",
					"$(inherited)",
				);
				GCC_WARN_64_TO_32_BIT_CONVERSION = YES;
				GCC_WARN_ABOUT_RETURN_TYPE = YES_ERROR;
				GCC_WARN_UNDECLARED_SELECTOR = YES;
				GCC_WARN_UNINITIALIZED_AUTOS = YES_AGGRESSIVE;
				GCC_WARN_UNUSED_FUNCTION = YES;
				GCC_WARN_UNUSED_VARIABLE = YES;
				IPHONEOS_DEPLOYMENT_TARGET = 13.4;
				MTL_ENABLE_DEBUG_INFO = INCLUDE_SOURCE;
				MTL_FAST_MATH = YES;
				ONLY_ACTIVE_ARCH = YES;
				SDKROOT = iphoneos;
				SWIFT_ACTIVE_COMPILATION_CONDITIONS = DEBUG;
				SWIFT_OPTIMIZATION_LEVEL = "-Onone";
			};
			name = Debug;
		};
		46E36536244061FE00A570C5 /* Release */ = {
			isa = XCBuildConfiguration;
			buildSettings = {
				ALWAYS_SEARCH_USER_PATHS = NO;
				CLANG_ANALYZER_NONNULL = YES;
				CLANG_ANALYZER_NUMBER_OBJECT_CONVERSION = YES_AGGRESSIVE;
				CLANG_CXX_LANGUAGE_STANDARD = "gnu++14";
				CLANG_CXX_LIBRARY = "libc++";
				CLANG_ENABLE_MODULES = YES;
				CLANG_ENABLE_OBJC_ARC = YES;
				CLANG_ENABLE_OBJC_WEAK = YES;
				CLANG_WARN_BLOCK_CAPTURE_AUTORELEASING = YES;
				CLANG_WARN_BOOL_CONVERSION = YES;
				CLANG_WARN_COMMA = YES;
				CLANG_WARN_CONSTANT_CONVERSION = YES;
				CLANG_WARN_DEPRECATED_OBJC_IMPLEMENTATIONS = YES;
				CLANG_WARN_DIRECT_OBJC_ISA_USAGE = YES_ERROR;
				CLANG_WARN_DOCUMENTATION_COMMENTS = YES;
				CLANG_WARN_EMPTY_BODY = YES;
				CLANG_WARN_ENUM_CONVERSION = YES;
				CLANG_WARN_INFINITE_RECURSION = YES;
				CLANG_WARN_INT_CONVERSION = YES;
				CLANG_WARN_NON_LITERAL_NULL_CONVERSION = YES;
				CLANG_WARN_OBJC_IMPLICIT_RETAIN_SELF = YES;
				CLANG_WARN_OBJC_LITERAL_CONVERSION = YES;
				CLANG_WARN_OBJC_ROOT_CLASS = YES_ERROR;
				CLANG_WARN_RANGE_LOOP_ANALYSIS = YES;
				CLANG_WARN_STRICT_PROTOTYPES = YES;
				CLANG_WARN_SUSPICIOUS_MOVE = YES;
				CLANG_WARN_UNGUARDED_AVAILABILITY = YES_AGGRESSIVE;
				CLANG_WARN_UNREACHABLE_CODE = YES;
				CLANG_WARN__DUPLICATE_METHOD_MATCH = YES;
				COPY_PHASE_STRIP = NO;
				DEBUG_INFORMATION_FORMAT = "dwarf-with-dsym";
				ENABLE_NS_ASSERTIONS = NO;
				ENABLE_STRICT_OBJC_MSGSEND = YES;
				GCC_C_LANGUAGE_STANDARD = gnu11;
				GCC_NO_COMMON_BLOCKS = YES;
				GCC_WARN_64_TO_32_BIT_CONVERSION = YES;
				GCC_WARN_ABOUT_RETURN_TYPE = YES_ERROR;
				GCC_WARN_UNDECLARED_SELECTOR = YES;
				GCC_WARN_UNINITIALIZED_AUTOS = YES_AGGRESSIVE;
				GCC_WARN_UNUSED_FUNCTION = YES;
				GCC_WARN_UNUSED_VARIABLE = YES;
				IPHONEOS_DEPLOYMENT_TARGET = 13.4;
				MTL_ENABLE_DEBUG_INFO = NO;
				MTL_FAST_MATH = YES;
				SDKROOT = iphoneos;
				SWIFT_COMPILATION_MODE = wholemodule;
				SWIFT_OPTIMIZATION_LEVEL = "-O";
				VALIDATE_PRODUCT = YES;
			};
			name = Release;
		};
		46E36538244061FE00A570C5 /* Debug */ = {
			isa = XCBuildConfiguration;
			baseConfigurationReference = 8B11D002BB4DD92AE3D5C932 /* Pods-UniversalLinks2.debug.xcconfig */;
			buildSettings = {
				ASSETCATALOG_COMPILER_APPICON_NAME = AppIcon;
				CODE_SIGN_ENTITLEMENTS = UniversalLinks2/UniversalLinks2.entitlements;
				CODE_SIGN_IDENTITY = "Apple Development";
				CODE_SIGN_STYLE = Automatic;
				CURRENT_PROJECT_VERSION = 2;
				DEVELOPMENT_TEAM = H899557VXN;
				INFOPLIST_FILE = UniversalLinks2/Info.plist;
				IPHONEOS_DEPLOYMENT_TARGET = 10.0;
				LD_RUNPATH_SEARCH_PATHS = (
					"$(inherited)",
					"@executable_path/Frameworks",
				);
				PRODUCT_BUNDLE_IDENTIFIER = com.dev.UniversalLinks2;
				PRODUCT_NAME = "$(TARGET_NAME)";
				PROVISIONING_PROFILE_SPECIFIER = "";
				SWIFT_VERSION = 5.0;
				TARGETED_DEVICE_FAMILY = 1;
			};
			name = Debug;
		};
		46E36539244061FE00A570C5 /* Release */ = {
			isa = XCBuildConfiguration;
			baseConfigurationReference = B6405E367351229D30641DC8 /* Pods-UniversalLinks2.release.xcconfig */;
			buildSettings = {
				ASSETCATALOG_COMPILER_APPICON_NAME = AppIcon;
				CODE_SIGN_ENTITLEMENTS = UniversalLinks2/UniversalLinks2.entitlements;
				CODE_SIGN_IDENTITY = "Apple Development";
				CODE_SIGN_STYLE = Automatic;
				CURRENT_PROJECT_VERSION = 2;
				DEVELOPMENT_TEAM = H899557VXN;
				INFOPLIST_FILE = UniversalLinks2/Info.plist;
				IPHONEOS_DEPLOYMENT_TARGET = 10.0;
				LD_RUNPATH_SEARCH_PATHS = (
					"$(inherited)",
					"@executable_path/Frameworks",
				);
				PRODUCT_BUNDLE_IDENTIFIER = com.dev.UniversalLinks2;
				PRODUCT_NAME = "$(TARGET_NAME)";
				PROVISIONING_PROFILE_SPECIFIER = "";
				SWIFT_VERSION = 5.0;
				TARGETED_DEVICE_FAMILY = 1;
			};
			name = Release;
		};
/* End XCBuildConfiguration section */

/* Begin XCConfigurationList section */
		46E3651E244061F800A570C5 /* Build configuration list for PBXProject "UniversalLinks2" */ = {
			isa = XCConfigurationList;
			buildConfigurations = (
				46E36535244061FE00A570C5 /* Debug */,
				46E36536244061FE00A570C5 /* Release */,
			);
			defaultConfigurationIsVisible = 0;
			defaultConfigurationName = Release;
		};
		46E36537244061FE00A570C5 /* Build configuration list for PBXNativeTarget "UniversalLinks2" */ = {
			isa = XCConfigurationList;
			buildConfigurations = (
				46E36538244061FE00A570C5 /* Debug */,
				46E36539244061FE00A570C5 /* Release */,
			);
			defaultConfigurationIsVisible = 0;
			defaultConfigurationName = Release;
		};
/* End XCConfigurationList section */
	};
	rootObject = 46E3651B244061F800A570C5 /* Project object */;
}
